version = 1
revision = 3
requires-python = ">=3.13"

[[package]]
name = "altgraph"
version = "0.17.4"
source = { registry = "https://pypi.org/simple" }
sdist = { url = "https://files.pythonhosted.org/packages/de/a8/7145824cf0b9e3c28046520480f207df47e927df83aa9555fb47f8505922/altgraph-0.17.4.tar.gz", hash = "sha256:1b5afbb98f6c4dcadb2e2ae6ab9fa994bbb8c1d75f4fa96d340f9437ae454406", size = 48418, upload-time = "2023-09-25T09:04:52.164Z" }
wheels = [
    { url = "https://files.pythonhosted.org/packages/4d/3f/3bc3f1d83f6e4a7fcb834d3720544ca597590425be5ba9db032b2bf322a2/altgraph-0.17.4-py2.py3-none-any.whl", hash = "sha256:642743b4750de17e655e6711601b077bc6598dbfa3ba5fa2b2a35ce12b508dff", size = 21212, upload-time = "2023-09-25T09:04:50.691Z" },
]

[[package]]
name = "macholib"
version = "1.16.3"
source = { registry = "https://pypi.org/simple" }
dependencies = [
    { name = "altgraph" },
]
sdist = { url = "https://files.pythonhosted.org/packages/95/ee/af1a3842bdd5902ce133bd246eb7ffd4375c38642aeb5dc0ae3a0329dfa2/macholib-1.16.3.tar.gz", hash = "sha256:07ae9e15e8e4cd9a788013d81f5908b3609aa76f9b1421bae9c4d7606ec86a30", size = 59309, upload-time = "2023-09-25T09:10:16.155Z" }
wheels = [
    { url = "https://files.pythonhosted.org/packages/d1/5d/c059c180c84f7962db0aeae7c3b9303ed1d73d76f2bfbc32bc231c8be314/macholib-1.16.3-py2.py3-none-any.whl", hash = "sha256:0e315d7583d38b8c77e815b1ecbdbf504a8258d8b3e17b61165c6feb60d18f2c", size = 38094, upload-time = "2023-09-25T09:10:14.188Z" },
]

[[package]]
name = "packaging"
version = "25.0"
source = { registry = "https://pypi.org/simple" }
sdist = { url = "https://files.pythonhosted.org/packages/a1/d4/1fc4078c65507b51b96ca8f8c3ba19e6a61c8253c72794544580a7b6c24d/packaging-25.0.tar.gz", hash = "sha256:d443872c98d677bf60f6a1f2f8c1cb748e8fe762d2bf9d3148b5599295b0fc4f", size = 165727, upload-time = "2025-04-19T11:48:59.673Z" }
wheels = [
    { url = "https://files.pythonhosted.org/packages/20/12/38679034af332785aac8774540895e234f4d07f7545804097de4b666afd8/packaging-25.0-py3-none-any.whl", hash = "sha256:29572ef2b1f17581046b3a2227d5c611fb25ec70ca1ba8554b24b0e69331a484", size = 66469, upload-time = "2025-04-19T11:48:57.875Z" },
]

[[package]]
name = "pefile"
version = "2023.2.7"
source = { registry = "https://pypi.org/simple" }
sdist = { url = "https://files.pythonhosted.org/packages/78/c5/3b3c62223f72e2360737fd2a57c30e5b2adecd85e70276879609a7403334/pefile-2023.2.7.tar.gz", hash = "sha256:82e6114004b3d6911c77c3953e3838654b04511b8b66e8583db70c65998017dc", size = 74854, upload-time = "2023-02-07T12:23:55.958Z" }
wheels = [
    { url = "https://files.pythonhosted.org/packages/55/26/d0ad8b448476d0a1e8d3ea5622dc77b916db84c6aa3cb1e1c0965af948fc/pefile-2023.2.7-py3-none-any.whl", hash = "sha256:da185cd2af68c08a6cd4481f7325ed600a88f6a813bad9dea07ab3ef73d8d8d6", size = 71791, upload-time = "2023-02-07T12:28:36.678Z" },
]

[[package]]
name = "pyinstaller"
version = "6.16.0"
source = { registry = "https://pypi.org/simple" }
dependencies = [
    { name = "altgraph" },
    { name = "macholib", marker = "sys_platform == 'darwin'" },
    { name = "packaging" },
    { name = "pefile", marker = "sys_platform == 'win32'" },
    { name = "pyinstaller-hooks-contrib" },
    { name = "pywin32-ctypes", marker = "sys_platform == 'win32'" },
    { name = "setuptools" },
]
sdist = { url = "https://files.pythonhosted.org/packages/94/94/1f62e95e4a28b64cfbb5b922ef3046f968b47170d37a1e1a029f56ac9cb4/pyinstaller-6.16.0.tar.gz", hash = "sha256:53559fe1e041a234f2b4dcc3288ea8bdd57f7cad8a6644e422c27bb407f3edef", size = 4008473, upload-time = "2025-09-13T20:07:01.733Z" }
wheels = [
    { url = "https://files.pythonhosted.org/packages/7b/0a/c42ce6e5d3de287f2e9432a074fb209f1fb72a86a72f3903849fdb5e4829/pyinstaller-6.16.0-py3-none-macosx_10_13_universal2.whl", hash = "sha256:7fd1c785219a87ca747c21fa92f561b0d2926a7edc06d0a0fe37f3736e00bd7a", size = 1027899, upload-time = "2025-09-13T20:05:59.2Z" },
    { url = "https://files.pythonhosted.org/packages/4e/d0/f18fedde32835d5a758f464c75924e2154065625f09d5456c3c303527654/pyinstaller-6.16.0-py3-none-manylinux2014_aarch64.whl", hash = "sha256:b756ddb9007b8141c5476b553351f9d97559b8af5d07f9460869bfae02be26b0", size = 727990, upload-time = "2025-09-13T20:06:03.583Z" },
    { url = "https://files.pythonhosted.org/packages/7a/db/c8bb47514ce857b24bf9294cf1ff74844b6a489fa0ab4ef6f923288c4e38/pyinstaller-6.16.0-py3-none-manylinux2014_i686.whl", hash = "sha256:0a48f55b85ff60f83169e10050f2759019cf1d06773ad1c4da3a411cd8751058", size = 739238, upload-time = "2025-09-13T20:06:07.69Z" },
    { url = "https://files.pythonhosted.org/packages/c6/3e/451dc784a8fcca0fe9f9b6b802d58555364a95b60f253613a2c83fc6b023/pyinstaller-6.16.0-py3-none-manylinux2014_ppc64le.whl", hash = "sha256:73ba72e04fcece92e32518bbb1e1fb5ac2892677943dfdff38e01a06e8742851", size = 737142, upload-time = "2025-09-13T20:06:11.732Z" },
    { url = "https://files.pythonhosted.org/packages/71/37/2f457479ef8fa2821cdb448acee2421dfb19fbe908bf5499d1930c164084/pyinstaller-6.16.0-py3-none-manylinux2014_s390x.whl", hash = "sha256:b1752488248f7899281b17ca3238eefb5410521291371a686a4f5830f29f52b3", size = 734133, upload-time = "2025-09-13T20:06:15.477Z" },
    { url = "https://files.pythonhosted.org/packages/63/c4/0f7daac4d062a4d1ac2571d8a8b9b5d6812094fcd914d139af591ca5e1ba/pyinstaller-6.16.0-py3-none-manylinux2014_x86_64.whl", hash = "sha256:ba618a61627ee674d6d68e5de084ba17c707b59a4f2a856084b3999bdffbd3f0", size = 733817, upload-time = "2025-09-13T20:06:19.683Z" },
    { url = "https://files.pythonhosted.org/packages/11/e4/b6127265b42bef883e8873d850becadf748bc5652e5a7029b059328f3c31/pyinstaller-6.16.0-py3-none-musllinux_1_1_aarch64.whl", hash = "sha256:c8b7ef536711617e12fef4673806198872033fa06fa92326ad7fd1d84a9fa454", size = 732912, upload-time = "2025-09-13T20:06:23.46Z" },
    { url = "https://files.pythonhosted.org/packages/2b/00/c6663107bdf814b2916e71563beabd09f693c47712213bc228994cb2cc65/pyinstaller-6.16.0-py3-none-musllinux_1_1_x86_64.whl", hash = "sha256:d1ebf84d02c51fed19b82a8abb4df536923abd55bb684d694e1356e4ae2a0ce5", size = 732773, upload-time = "2025-09-13T20:06:27.352Z" },
    { url = "https://files.pythonhosted.org/packages/a3/14/cabe9bc5f60b95d2e70e7d045ab94b0015ff8f6c8b16e2142d3597e30749/pyinstaller-6.16.0-py3-none-win32.whl", hash = "sha256:6d5f8617f3650ff9ef893e2ab4ddbf3c0d23d0c602ef74b5df8fbef4607840c8", size = 1313878, upload-time = "2025-09-13T20:06:33.234Z" },
    { url = "https://files.pythonhosted.org/packages/aa/99/2005efbc297e7813c1d6f18484aa94a1a81ce87b6a5b497c563681f4c4ea/pyinstaller-6.16.0-py3-none-win_amd64.whl", hash = "sha256:bc10eb1a787f99fea613509f55b902fbd2d8b73ff5f51ff245ea29a481d97d41", size = 1374706, upload-time = "2025-09-13T20:06:39.95Z" },
    { url = "https://files.pythonhosted.org/packages/ca/f4/4dfcf69b86d60fcaae05a42bbff1616d48a91e71726e5ed795d773dae9b3/pyinstaller-6.16.0-py3-none-win_arm64.whl", hash = "sha256:d0af8a401de792c233c32c44b16d065ca9ab8262ee0c906835c12bdebc992a64", size = 1315923, upload-time = "2025-09-13T20:06:45.846Z" },
]

[[package]]
name = "pyinstaller-hooks-contrib"
version = "2025.8"
source = { registry = "https://pypi.org/simple" }
dependencies = [
    { name = "packaging" },
    { name = "setuptools" },
]
sdist = { url = "https://files.pythonhosted.org/packages/71/d6/e5b378b7d4add8c879295c531309b0320e9c07a70458665d091760ffdc87/pyinstaller_hooks_contrib-2025.8.tar.gz", hash = "sha256:3402ad41dfe9b5110af134422e37fc5d421ba342c6cb980bd67cb30b7415641c", size = 164214, upload-time = "2025-07-27T16:37:31.943Z" }
wheels = [
    { url = "https://files.pythonhosted.org/packages/48/34/1d973d0dae849683e53fbcda84443ce016f315e6f4dc7605ede4f56a28c3/pyinstaller_hooks_contrib-2025.8-py3-none-any.whl", hash = "sha256:8d0b8cfa0cb689a619294ae200497374234bd4e3994b3ace2a4442274c899064", size = 442346, upload-time = "2025-07-27T16:37:30.268Z" },
]

[[package]]
name = "pyudev"
version = "0.24.3"
source = { registry = "https://pypi.org/simple" }
sdist = { url = "https://files.pythonhosted.org/packages/c4/5c/6cc034da13830e3da123ccf9a30910bc868fa16670362f004e4b788d0df1/pyudev-0.24.3.tar.gz", hash = "sha256:2e945427a21674893bb97632401db62139d91cea1ee96137cc7b07ad22198fc7", size = 55970, upload-time = "2024-05-10T18:24:04.599Z" }
wheels = [
    { url = "https://files.pythonhosted.org/packages/9d/3b/c37870f68ceb067707ca7b04db364a1478fcd40c6194007fb6e492ff9a92/pyudev-0.24.3-py3-none-any.whl", hash = "sha256:e8246f0a014fe370119ba2bc781bfbe62c0298d0d6b39c94e83102a8a3f56960", size = 62677, upload-time = "2024-05-10T18:24:02.743Z" },
]

[[package]]
name = "pywin32"
version = "311"
source = { registry = "https://pypi.org/simple" }
wheels = [
    { url = "https://files.pythonhosted.org/packages/a5/be/3fd5de0979fcb3994bfee0d65ed8ca9506a8a1260651b86174f6a86f52b3/pywin32-311-cp313-cp313-win32.whl", hash = "sha256:f95ba5a847cba10dd8c4d8fefa9f2a6cf283b8b88ed6178fa8a6c1ab16054d0d", size = 8705700, upload-time = "2025-07-14T20:13:26.471Z" },
    { url = "https://files.pythonhosted.org/packages/e3/28/e0a1909523c6890208295a29e05c2adb2126364e289826c0a8bc7297bd5c/pywin32-311-cp313-cp313-win_amd64.whl", hash = "sha256:718a38f7e5b058e76aee1c56ddd06908116d35147e133427e59a3983f703a20d", size = 9494700, upload-time = "2025-07-14T20:13:28.243Z" },
    { url = "https://files.pythonhosted.org/packages/04/bf/90339ac0f55726dce7d794e6d79a18a91265bdf3aa70b6b9ca52f35e022a/pywin32-311-cp313-cp313-win_arm64.whl", hash = "sha256:7b4075d959648406202d92a2310cb990fea19b535c7f4a78d3f5e10b926eeb8a", size = 8709318, upload-time = "2025-07-14T20:13:30.348Z" },
    { url = "https://files.pythonhosted.org/packages/c9/31/097f2e132c4f16d99a22bfb777e0fd88bd8e1c634304e102f313af69ace5/pywin32-311-cp314-cp314-win32.whl", hash = "sha256:b7a2c10b93f8986666d0c803ee19b5990885872a7de910fc460f9b0c2fbf92ee", size = 8840714, upload-time = "2025-07-14T20:13:32.449Z" },
    { url = "https://files.pythonhosted.org/packages/90/4b/07c77d8ba0e01349358082713400435347df8426208171ce297da32c313d/pywin32-311-cp314-cp314-win_amd64.whl", hash = "sha256:3aca44c046bd2ed8c90de9cb8427f581c479e594e99b5c0bb19b29c10fd6cb87", size = 9656800, upload-time = "2025-07-14T20:13:34.312Z" },
    { url = "https://files.pythonhosted.org/packages/c0/d2/21af5c535501a7233e734b8af901574572da66fcc254cb35d0609c9080dd/pywin32-311-cp314-cp314-win_arm64.whl", hash = "sha256:a508e2d9025764a8270f93111a970e1d0fbfc33f4153b388bb649b7eec4f9b42", size = 8932540, upload-time = "2025-07-14T20:13:36.379Z" },
]

[[package]]
name = "pywin32-ctypes"
version = "0.2.3"
source = { registry = "https://pypi.org/simple" }
sdist = { url = "https://files.pythonhosted.org/packages/85/9f/01a1a99704853cb63f253eea009390c88e7131c67e66a0a02099a8c917cb/pywin32-ctypes-0.2.3.tar.gz", hash = "sha256:d162dc04946d704503b2edc4d55f3dba5c1d539ead017afa00142c38b9885755", size = 29471, upload-time = "2024-08-14T10:15:34.626Z" }
wheels = [
    { url = "https://files.pythonhosted.org/packages/de/3d/8161f7711c017e01ac9f008dfddd9410dff3674334c233bde66e7ba65bbf/pywin32_ctypes-0.2.3-py3-none-any.whl", hash = "sha256:8a1513379d709975552d202d942d9837758905c8d01eb82b8bcc30918929e7b8", size = 30756, upload-time = "2024-08-14T10:15:33.187Z" },
]

[[package]]
name = "setuptools"
version = "80.9.0"
source = { registry = "https://pypi.org/simple" }
sdist = { url = "https://files.pythonhosted.org/packages/18/5d/3bf57dcd21979b887f014ea83c24ae194cfcd12b9e0fda66b957c69d1fca/setuptools-80.9.0.tar.gz", hash = "sha256:f36b47402ecde768dbfafc46e8e4207b4360c654f1f3bb84475f0a28628fb19c", size = 1319958, upload-time = "2025-05-27T00:56:51.443Z" }
wheels = [
    { url = "https://files.pythonhosted.org/packages/a3/dc/17031897dae0efacfea57dfd3a82fdd2a2aeb58e0ff71b77b87e44edc772/setuptools-80.9.0-py3-none-any.whl", hash = "sha256:062d34222ad13e0cc312a4c02d73f059e86a4acbfbdea8f8f76b28c99f306922", size = 1201486, upload-time = "2025-05-27T00:56:49.664Z" },
]

[[package]]
name = "tabulate"
version = "0.9.0"
source = { registry = "https://pypi.org/simple" }
sdist = { url = "https://files.pythonhosted.org/packages/ec/fe/802052aecb21e3797b8f7902564ab6ea0d60ff8ca23952079064155d1ae1/tabulate-0.9.0.tar.gz", hash = "sha256:0095b12bf5966de529c0feb1fa08671671b3368eec77d7ef7ab114be2c068b3c", size = 81090, upload-time = "2022-10-06T17:21:48.54Z" }
wheels = [
    { url = "https://files.pythonhosted.org/packages/40/44/4a5f08c96eb108af5cb50b41f76142f0afa346dfa99d5296fe7202a11854/tabulate-0.9.0-py3-none-any.whl", hash = "sha256:024ca478df22e9340661486f85298cff5f6dcdba14f3813e8830015b9ed1948f", size = 35252, upload-time = "2022-10-06T17:21:44.262Z" },
]

[[package]]
name = "usbpoll"
version = "0.1.0"
source = { virtual = "." }
dependencies = [
    { name = "pyinstaller" },
    { name = "pyudev" },
    { name = "tabulate" },
    { name = "wmi" },
]

[package.metadata]
requires-dist = [
    { name = "pyinstaller", specifier = ">=6.16.0" },
    { name = "pyudev", specifier = ">=0.24.3" },
    { name = "tabulate", specifier = ">=0.9.0" },
    { name = "wmi", specifier = ">=1.5.1" },
]

[[package]]
name = "wmi"
version = "1.5.1"
source = { registry = "https://pypi.org/simple" }
dependencies = [
    { name = "pywin32" },
]
sdist = { url = "https://files.pythonhosted.org/packages/d4/66/6364deb0a03415f96c66803d8c4379f808f2401da3bdb183348487b10510/WMI-1.5.1.tar.gz", hash = "sha256:b6a6be5711b1b6c8d55bda7a8befd75c48c12b770b9d227d31c1737dbf0d40a6", size = 26254, upload-time = "2020-04-28T08:22:58.096Z" }
wheels = [
    { url = "https://files.pythonhosted.org/packages/ee/b9/a80d1ed4d115dac8e2ac08d16af046a77ab58e3d186e22395bf2add24090/WMI-1.5.1-py2.py3-none-any.whl", hash = "sha256:1d6b085e5c445141c475476000b661f60fff1aaa19f76bf82b7abb92e0ff4942", size = 28912, upload-time = "2020-04-28T08:22:56.055Z" },
]
